
Microsoft Visual Studio Solution File, Format Version 12.00
# Visual Studio Version 16
VisualStudioVersion = 16.0.30011.22
MinimumVisualStudioVersion = 10.0.40219.1
Project("{FAE04EC0-301F-11D3-BF4B-00C04F79EFBC}") = "WindowsFormsAppIO", "WindowsFormsAppIO\WindowsFormsAppIO.csproj", "{C08CEA37-CFFA-4943-AF08-C73386D94BF2}"
EndProject
Global
	GlobalSection(SolutionConfigurationPlatforms) = preSolution
		Debug|Any CPU = Debug|Any CPU
		Release|Any CPU = Release|Any CPU
	EndGlobalSection
	GlobalSection(ProjectConfigurationPlatforms) = postSolution
		{C08CEA37-CFFA-4943-AF08-C73386D94BF2}.Debug|Any CPU.ActiveCfg = Debug|Any CPU
		{C08CEA37-CFFA-4943-AF08-C73386D94BF2}.Debug|Any CPU.Build.0 = Debug|Any CPU
		{C08CEA37-CFFA-4943-AF08-C73386D94BF2}.Release|Any CPU.ActiveCfg = Release|Any CPU
		{C08CEA37-CFFA-4943-AF08-C73386D94BF2}.Release|Any CPU.Build.0 = Release|Any CPU
	EndGlobalSection
	GlobalSection(SolutionProperties) = preSolution
		HideSolutionNode = FALSE
	EndGlobalSection
	GlobalSection(ExtensibilityGlobals) = postSolution
		SolutionGuid = {CC1B99E9-2587-4F3A-A434-200598755C2D}
	EndGlobalSection
EndGlobal
